
Microsoft Visual Studio Solution File, Format Version 12.00
# Visual Studio Version 17
VisualStudioVersion = 17.7.34024.191
MinimumVisualStudioVersion = 10.0.40219.1
Project("{9A19103F-16F7-4668-BE54-9A1E7A4F7556}") = "Relaxinema.WebAPI", "Relaxinema.WebAPI\Relaxinema.WebAPI.csproj", "{3C2AF18B-77D9-443B-98FC-D30B6091D174}"
EndProject
Project("{9A19103F-16F7-4668-BE54-9A1E7A4F7556}") = "Relaxinema.Core", "Relaxinema.Core\Relaxinema.Core.csproj", "{F2AB66DE-7347-49E0-8917-8705106E4E89}"
EndProject
Project("{9A19103F-16F7-4668-BE54-9A1E7A4F7556}") = "Relaxinema.Infrastructure", "Relaxinema.Infrastructure\Relaxinema.Infrastructure.csproj", "{2652956E-F88E-420C-8638-AEED3DB6EB1A}"
EndProject
Project("{E53339B2-1760-4266-BCC7-CA923CBCF16C}") = "docker-compose", "docker-compose.dcproj", "{005B95B1-31BA-45A1-86F0-1B016E7AFE0F}"
EndProject
Global
	GlobalSection(SolutionConfigurationPlatforms) = preSolution
		Debug|Any CPU = Debug|Any CPU
		Release|Any CPU = Release|Any CPU
	EndGlobalSection
	GlobalSection(ProjectConfigurationPlatforms) = postSolution
		{3C2AF18B-77D9-443B-98FC-D30B6091D174}.Debug|Any CPU.ActiveCfg = Debug|Any CPU
		{3C2AF18B-77D9-443B-98FC-D30B6091D174}.Debug|Any CPU.Build.0 = Debug|Any CPU
		{3C2AF18B-77D9-443B-98FC-D30B6091D174}.Release|Any CPU.ActiveCfg = Release|Any CPU
		{3C2AF18B-77D9-443B-98FC-D30B6091D174}.Release|Any CPU.Build.0 = Release|Any CPU
		{F2AB66DE-7347-49E0-8917-8705106E4E89}.Debug|Any CPU.ActiveCfg = Debug|Any CPU
		{F2AB66DE-7347-49E0-8917-8705106E4E89}.Debug|Any CPU.Build.0 = Debug|Any CPU
		{F2AB66DE-7347-49E0-8917-8705106E4E89}.Release|Any CPU.ActiveCfg = Release|Any CPU
		{F2AB66DE-7347-49E0-8917-8705106E4E89}.Release|Any CPU.Build.0 = Release|Any CPU
		{2652956E-F88E-420C-8638-AEED3DB6EB1A}.Debug|Any CPU.ActiveCfg = Debug|Any CPU
		{2652956E-F88E-420C-8638-AEED3DB6EB1A}.Debug|Any CPU.Build.0 = Debug|Any CPU
		{2652956E-F88E-420C-8638-AEED3DB6EB1A}.Release|Any CPU.ActiveCfg = Release|Any CPU
		{2652956E-F88E-420C-8638-AEED3DB6EB1A}.Release|Any CPU.Build.0 = Release|Any CPU
		{005B95B1-31BA-45A1-86F0-1B016E7AFE0F}.Debug|Any CPU.ActiveCfg = Debug|Any CPU
		{005B95B1-31BA-45A1-86F0-1B016E7AFE0F}.Debug|Any CPU.Build.0 = Debug|Any CPU
		{005B95B1-31BA-45A1-86F0-1B016E7AFE0F}.Release|Any CPU.ActiveCfg = Release|Any CPU
		{005B95B1-31BA-45A1-86F0-1B016E7AFE0F}.Release|Any CPU.Build.0 = Release|Any CPU
	EndGlobalSection
	GlobalSection(SolutionProperties) = preSolution
		HideSolutionNode = FALSE
	EndGlobalSection
	GlobalSection(ExtensibilityGlobals) = postSolution
		SolutionGuid = {8CC89F16-4E32-42E3-9CD9-2CEEF14A085C}
	EndGlobalSection
EndGlobal
